
Microsoft Visual Studio Solution File, Format Version 12.00
# Visual Studio 15
VisualStudioVersion = 15.0.28307.168
MinimumVisualStudioVersion = 10.0.40219.1
Project("{9092AA53-FB77-4645-B42D-1CCCA6BD08BD}") = "TwilloTest", "TwilloTest\TwilloTest.njsproj", "{04ADBC4E-AD21-453C-B475-9672021793DB}"
EndProject
Global
	GlobalSection(SolutionConfigurationPlatforms) = preSolution
		Debug|Any CPU = Debug|Any CPU
		Release|Any CPU = Release|Any CPU
	EndGlobalSection
	GlobalSection(ProjectConfigurationPlatforms) = postSolution
		{04ADBC4E-AD21-453C-B475-9672021793DB}.Debug|Any CPU.ActiveCfg = Debug|Any CPU
		{04ADBC4E-AD21-453C-B475-9672021793DB}.Debug|Any CPU.Build.0 = Debug|Any CPU
		{04ADBC4E-AD21-453C-B475-9672021793DB}.Release|Any CPU.ActiveCfg = Release|Any CPU
		{04ADBC4E-AD21-453C-B475-9672021793DB}.Release|Any CPU.Build.0 = Release|Any CPU
	EndGlobalSection
	GlobalSection(SolutionProperties) = preSolution
		HideSolutionNode = FALSE
	EndGlobalSection
	GlobalSection(ExtensibilityGlobals) = postSolution
		SolutionGuid = {EEA040EA-E919-4CF2-8EF7-D6414081629A}
	EndGlobalSection
EndGlobal
